github.com/StratoAPI/Interface v0.0.4 h1:QsoEeeJUe/+K9TToFwYexoIlhvj6ofl27ZnJNwB35mo=
github.com/StratoAPI/Interface v0.0.4/go.mod h1:jLlD9bBfAuFE0VN6FkrvX3cMhuDnbikzonCMprOLsyw=
github.com/StratoAPI/Interface v0.0.5 h1:pgQcXVIOAzC6HtZnVk67FCIBVNG7mgDwX3T2ZPlIhzQ=
github.com/StratoAPI/Interface v0.0.5/go.mod h1:jLlD9bBfAuFE0VN6FkrvX3cMhuDnbikzonCMprOLsyw=
github.com/StratoAPI/Interface v0.0.6 h1:yZ3mzdy0zLDZKnXdpoD0jaJmBGaBOtT1nRedujW4O0s=
github.com/StratoAPI/Interface v0.0.6/go.mod h1:jLlD9bBfAuFE0VN6FkrvX3cMhuDnbikzonCMprOLsyw=
